# cforge.lock — reproducible build fingerprints

app/users.cforge 7d1d226d50d0f3e2f6bf50fc1b511b6c2d6980c932df92772a4ae041aa117dc8
cforge c5db77d71943fa4d853f11363a1cb919d2ecb63678e8bae2bb638b7814892e1b
cforge.toml 492200198e8bfea9efca92ff8677a2cb7772e96b6f885422fd59cf0a92d5c73e
cforge_mach.py 903c19546343d6c004e2fb0e0c5d1dd3dc57efdcb6bc4ebdba8aaf670a07fc19
runtime/cforge_rt.h ba843d57cdd048285e1a871cc6215cd79a1ce7f6d819bf7cf4313114b81c3406
runtime/db.c 2cd4cff19c9e17930e9b6c98eb2025b899a64e49f0becf87f174c76a07c084c8
runtime/internal.h 72659776cd616c594ad929c9ac133c3c55b77b9a966f15d475a6c4a09a940f40
runtime/json.c 4ca8d24e5186d813b7d1c9c0c3d56b4f5b0b3d070a580506853281d001b9dfd3
runtime/log.c 2c2960c285acfc9ff791061b8ba9778094d1b83bf0104b9f3e6b5250cf8ae4a2
runtime/pool.c 0cda449962059a689bd1db6abbbf5aedc88ee688a1725bb37955235c85b5971a
runtime/pool.h 9a6739fd32ccf37275e94ace281979a526be0536f79812345e3bc87b5976da98
runtime/redis.c 1e18816a4a31aa17c5f0925e297794b368e38444f65d0ee99e2a815635e42e8f
runtime/server.c 72252d2c29359c769fdb32bea651c6fc8d3ff936f14f7e91f68c790159a2142a
